hash: 343fa0a0f30343ac908e5d174410df6ba13bd6f4356ad7d900ecc17acb75b14e
updated: 2017-05-30T22:45:01.479873203-04:00
imports:
- name: github.com/btcsuite/btcd
  version: 9918e2a56196fb6b1b2837a9e7fb84f3454098fd
  subpackages:
  - btcec
- name: github.com/ebuchman/fail-test
  version: 95f809107225be108efcf10a3509e4ea6ceef3c4
- name: github.com/fsnotify/fsnotify
  version: 4da3e2cfbabc9f751898f250b49f2439785783a1
- name: github.com/go-kit/kit
  version: 454871a6797ad352a5d31e3af3ccf5071de4affb
  subpackages:
  - log
  - log/level
  - log/term
- name: github.com/go-logfmt/logfmt
  version: 390ab7935ee28ec6b286364bba9b4dd6410cb3d5
- name: github.com/go-stack/stack
  version: 7a2f19628aabfe68f0766b59e74d6315f8347d22
- name: github.com/golang/protobuf
  version: 6e4cc92cc905d5f4a73041c1b8228ea08f4c6147
  subpackages:
  - proto
  - ptypes/any
- name: github.com/golang/snappy
  version: 553a641470496b2327abcac10b36396bd98e45c9
- name: github.com/gorilla/websocket
  version: a91eba7f97777409bc2c443f5534d41dd20c5720
- name: github.com/hashicorp/hcl
  version: 392dba7d905ed5d04a5794ba89f558b27e2ba1ca
  subpackages:
  - hcl/ast
  - hcl/parser
  - hcl/scanner
  - hcl/strconv
  - hcl/token
  - json/parser
  - json/scanner
  - json/token
- name: github.com/inconshreveable/mousetrap
  version: 76626ae9c91c4f2a10f34cad8ce83ea42c93bb75
- name: github.com/jmhodges/levigo
  version: c42d9e0ca023e2198120196f842701bb4c55d7b9
- name: github.com/kr/logfmt
  version: b84e30acd515aadc4b783ad4ff83aff3299bdfe0
- name: github.com/magiconair/properties
  version: 51463bfca2576e06c62a8504b5c0f06d61312647
- name: github.com/mitchellh/mapstructure
  version: d0303fe809921458f417bcf828397a65db30a7e4
- name: github.com/pelletier/go-buffruneio
  version: c37440a7cf42ac63b919c752ca73a85067e05992
- name: github.com/pelletier/go-toml
  version: 5ccdfb18c776b740aecaf085c4d9a2779199c279
- name: github.com/pkg/errors
  version: c605e284fe17294bda444b34710735b29d1a9d90
- name: github.com/sethgrid/pester
  version: 4f4c0a67b6496764028e1ab9fd8dfb630282ed2f
- name: github.com/shopspring/decimal
  version: 16a941821474ee3986fdbeab535a68a8aa5a85d2
- name: github.com/spf13/afero
  version: 9be650865eab0c12963d8753212f4f9c66cdcf12
  subpackages:
  - mem
- name: github.com/spf13/cast
  version: acbeb36b902d72a7a4c18e8f3241075e7ab763e4
- name: github.com/spf13/cobra
  version: e606913c4ee45fec232e67e70105fb6c866b95d9
- name: github.com/spf13/jwalterweatherman
  version: 0efa5202c04663c757d84f90f5219c1250baf94f
- name: github.com/spf13/pflag
  version: e57e3eeb33f795204c1ca35f56c44f83227c6e66
- name: github.com/spf13/viper
  version: 0967fc9aceab2ce9da34061253ac10fb99bba5b2
- name: github.com/syndtr/goleveldb
  version: 8c81ea47d4c41a385645e133e15510fc6a2a74b4
  subpackages:
  - leveldb
  - leveldb/cache
  - leveldb/comparer
  - leveldb/errors
  - leveldb/filter
  - leveldb/iterator
  - leveldb/journal
  - leveldb/memdb
  - leveldb/opt
  - leveldb/storage
  - leveldb/table
  - leveldb/util
- name: github.com/tendermint/abci
  version: 864d1f80b36b440bde030a5c18d8ac3aa8c2949d
  subpackages:
  - client
  - example/dummy
  - server
  - types
- name: github.com/tendermint/basecoin
  version: b8687a586470da1914121f718239d3b6556ad9ba
  subpackages:
  - app
  - cmd/commands
  - plugins/ibc
  - state
  - types
  - version
- name: github.com/tendermint/ed25519
  version: 1f52c6f8b8a5c7908aff4497c186af344b428925
  subpackages:
  - edwards25519
  - extra25519
- name: github.com/tendermint/go-crypto
  version: 7dff40942a64cdeefefa9446b2d104750b349f8a
- name: github.com/tendermint/go-wire
  version: 5f88da3dbc1a72844e6dfaf274ce87f851d488eb
  subpackages:
  - data
  - data/base58
- name: github.com/tendermint/merkleeyes
  version: a0e73e1ac3e18e12a007520a4ea2c9822256e307
  subpackages:
  - app
  - client
  - iavl
- name: github.com/tendermint/tendermint
  version: 11b5d11e9eec170e1d3dce165f0270d5c0759d69
  subpackages:
  - blockchain
  - cmd/tendermint/commands
  - cmd/tendermint/commands/flags
  - config
  - consensus
  - mempool
  - node
  - p2p
  - p2p/upnp
  - proxy
  - rpc/client
  - rpc/core
  - rpc/core/types
  - rpc/grpc
  - rpc/lib
  - rpc/lib/client
  - rpc/lib/server
  - rpc/lib/types
  - state
  - state/txindex
  - state/txindex/kv
  - state/txindex/null
  - types
  - version
- name: github.com/tendermint/tmlibs
  version: 306795ae1d8e4f4a10dcc8bdb32a00455843c9d5
  subpackages:
  - autofile
  - cli
  - clist
  - common
  - db
  - events
  - flowrate
  - log
  - merkle
- name: golang.org/x/crypto
  version: 7e9105388ebff089b3f99f0ef676ea55a6da3a7e
  subpackages:
  - curve25519
  - nacl/box
  - nacl/secretbox
  - openpgp/armor
  - openpgp/errors
  - poly1305
  - ripemd160
  - salsa20/salsa
- name: golang.org/x/net
  version: 3da985ce5951d99de868be4385f21ea6c2b22f24
  subpackages:
  - context
  - http2
  - http2/hpack
  - idna
  - internal/timeseries
  - lex/httplex
  - trace
- name: golang.org/x/sys
  version: b90f89a1e7a9c1f6b918820b3daa7f08488c8594
  subpackages:
  - unix
- name: golang.org/x/text
  version: 4ee4af566555f5fbe026368b75596286a312663a
  subpackages:
  - secure/bidirule
  - transform
  - unicode/bidi
  - unicode/norm
- name: google.golang.org/genproto
  version: d80a6e20e776b0b17a324d0ba1ab50a39c8e8944
  subpackages:
  - googleapis/rpc/status
- name: google.golang.org/grpc
  version: 2739967807cc0e3199513569f58fda34252ad65e
  subpackages:
  - codes
  - credentials
  - grpclb/grpc_lb_v1
  - grpclog
  - internal
  - keepalive
  - metadata
  - naming
  - peer
  - stats
  - status
  - tap
  - transport
- name: gopkg.in/yaml.v2
  version: cd8b52f8269e0feb286dfeef29f8fe4d5b397e0b
testImports:
- name: github.com/davecgh/go-spew
  version: 346938d642f2ec3594ed81d874461961cd0faa76
  subpackages:
  - spew
- name: github.com/pmezard/go-difflib
  version: 792786c7400a136282c1664665ae0a8db921c6c2
  subpackages:
  - difflib
- name: github.com/stretchr/testify
  version: e964b172ca7f4c322ee4c39ea605ff53fab44f79
  subpackages:
  - assert
  - require
